
Microsoft Visual Studio Solution File, Format Version 12.00
# Visual Studio Version 16
VisualStudioVersion = 16.0.30114.105
MinimumVisualStudioVersion = 10.0.40219.1
Project("{8BC9CEB8-8B4A-11D0-8D11-00A0C91BC942}") = "GridDetectFinal", "GridDetectFinal.vcxproj", "{7A28C770-CF3B-4860-BBF7-F1648A832812}"
EndProject
Global
	GlobalSection(SolutionConfigurationPlatforms) = preSolution
		Debug_Fire|x64 = Debug_Fire|x64
		Debug_Fire|x86 = Debug_Fire|x86
		Debug_Handwriting|x64 = Debug_Handwriting|x64
		Debug_Handwriting|x86 = Debug_Handwriting|x86
		Debug|x64 = Debug|x64
		Debug|x86 = Debug|x86
		Release|x64 = Release|x64
		Release|x86 = Release|x86
	EndGlobalSection
	GlobalSection(ProjectConfigurationPlatforms) = postSolution
		{7A28C770-CF3B-4860-BBF7-F1648A832812}.Debug_Fire|x64.ActiveCfg = Debug_Fire|x64
		{7A28C770-CF3B-4860-BBF7-F1648A832812}.Debug_Fire|x64.Build.0 = Debug_Fire|x64
		{7A28C770-CF3B-4860-BBF7-F1648A832812}.Debug_Fire|x86.ActiveCfg = Debug_Fire|x64
		{7A28C770-CF3B-4860-BBF7-F1648A832812}.Debug_Handwriting|x64.ActiveCfg = Debug_Handwriting|x64
		{7A28C770-CF3B-4860-BBF7-F1648A832812}.Debug_Handwriting|x64.Build.0 = Debug_Handwriting|x64
		{7A28C770-CF3B-4860-BBF7-F1648A832812}.Debug_Handwriting|x86.ActiveCfg = Debug_Handwriting|x64
		{7A28C770-CF3B-4860-BBF7-F1648A832812}.Debug|x64.ActiveCfg = Debug|x64
		{7A28C770-CF3B-4860-BBF7-F1648A832812}.Debug|x64.Build.0 = Debug|x64
		{7A28C770-CF3B-4860-BBF7-F1648A832812}.Debug|x86.ActiveCfg = Debug|x64
		{7A28C770-CF3B-4860-BBF7-F1648A832812}.Release|x64.ActiveCfg = Release|x64
		{7A28C770-CF3B-4860-BBF7-F1648A832812}.Release|x64.Build.0 = Release|x64
		{7A28C770-CF3B-4860-BBF7-F1648A832812}.Release|x86.ActiveCfg = Release|x64
	EndGlobalSection
	GlobalSection(SolutionProperties) = preSolution
		HideSolutionNode = FALSE
	EndGlobalSection
	GlobalSection(ExtensibilityGlobals) = postSolution
		SolutionGuid = {5E17518D-C685-434B-89CD-D5BDBE8A3331}
	EndGlobalSection
EndGlobal
